lockfileVersion: '9.0'

settings:
  autoInstallPeers: true
  excludeLinksFromLockfile: false

importers:

  .:
    devDependencies:
      '@typescript/native-preview':
        specifier: 7.0.0-dev.20260331.1
        version: 7.0.0-dev.20260331.1

  packages/acreplay-wasm: {}

  packages/telemetry-pack: {}

packages:

  '@typescript/native-preview-darwin-arm64@7.0.0-dev.20260331.1':
    resolution: {integrity: sha512-1PRnBCN2csiCzj76YaSBtP4jPLEGBUmVhXHplC+yHOKaxx9nf3HFiFCg/19raInvN/lJ8+Bp1fZ/qIsWAAHiBw==}
    cpu: [arm64]
    os: [darwin]

  '@typescript/native-preview-darwin-x64@7.0.0-dev.20260331.1':
    resolution: {integrity: sha512-llXnfLGjl+gXsANLD7UI/gSb3lj7aZW13Rf8sVXQnHJ3/dkJRAm/MgLqdjuuyvYq3pFaleiep+zoLd96rLRqUw==}
    cpu: [x64]
    os: [darwin]

  '@typescript/native-preview-linux-arm64@7.0.0-dev.20260331.1':
    resolution: {integrity: sha512-sH5gALi89jl5ZjAL/UsLDPsjT/nCLRfHl/pw86ablRX10tYsJhJ/RD6J/cl3g39kJ18tIISSbsuIBn+ncanfSA==}
    cpu: [arm64]
    os: [linux]

  '@typescript/native-preview-linux-arm@7.0.0-dev.20260331.1':
    resolution: {integrity: sha512-+8AZzA0BRjMkLDvdQKZOMuheRxNGpSWn7sOtoKqo70R915D0TyEynEXX6B7/aw3+Jfn1H5hLRiBjxoVsmdKENw==}
    cpu: [arm]
    os: [linux]

  '@typescript/native-preview-linux-x64@7.0.0-dev.20260331.1':
    resolution: {integrity: sha512-Yic6MYfX7Uit5jLLENzWFIi6tjp4LTLF37KBiVaHZSvEFyX1kqVwu4j9WNeaz81O6fcB/1dZ1MrILgfcqalNBg==}
    cpu: [x64]
    os: [linux]

  '@typescript/native-preview-win32-arm64@7.0.0-dev.20260331.1':
    resolution: {integrity: sha512-vGxK6gtGF97zSx9wOpiVME3h9v0tbZbrHHdKA+fLFNvDV0Df8ud89DEePL7l2yKnVVmf0OnjJy6sYoVyj+LIPA==}
    cpu: [arm64]
    os: [win32]

  '@typescript/native-preview-win32-x64@7.0.0-dev.20260331.1':
    resolution: {integrity: sha512-oJnNiU9UTDPJp6dOmOUW+/Wzt3MQZXIHsDaU4qM0RiAjFE6S+PIX8s5z/ID0orr4MMroUMiLdolL4OVZolNDSw==}
    cpu: [x64]
    os: [win32]

  '@typescript/native-preview@7.0.0-dev.20260331.1':
    resolution: {integrity: sha512-Gfy2J/LhydkOHOw+ZWRw0M8Xl3O2bzQXLXIYITdMz2N4GpMm8misAvvCzhqMacOGvazKr1FsL9LIIW2kxk6kzw==}
    hasBin: true

snapshots:

  '@typescript/native-preview-darwin-arm64@7.0.0-dev.20260331.1':
    optional: true

  '@typescript/native-preview-darwin-x64@7.0.0-dev.20260331.1':
    optional: true

  '@typescript/native-preview-linux-arm64@7.0.0-dev.20260331.1':
    optional: true

  '@typescript/native-preview-linux-arm@7.0.0-dev.20260331.1':
    optional: true

  '@typescript/native-preview-linux-x64@7.0.0-dev.20260331.1':
    optional: true

  '@typescript/native-preview-win32-arm64@7.0.0-dev.20260331.1':
    optional: true

  '@typescript/native-preview-win32-x64@7.0.0-dev.20260331.1':
    optional: true

  '@typescript/native-preview@7.0.0-dev.20260331.1':
    optionalDependencies:
      '@typescript/native-preview-darwin-arm64': 7.0.0-dev.20260331.1
      '@typescript/native-preview-darwin-x64': 7.0.0-dev.20260331.1
      '@typescript/native-preview-linux-arm': 7.0.0-dev.20260331.1
      '@typescript/native-preview-linux-arm64': 7.0.0-dev.20260331.1
      '@typescript/native-preview-linux-x64': 7.0.0-dev.20260331.1
      '@typescript/native-preview-win32-arm64': 7.0.0-dev.20260331.1
      '@typescript/native-preview-win32-x64': 7.0.0-dev.20260331.1
